// !$*UTF8*$!
{
	archiveVersion = 1;
	classes = {
	};
	objectVersion = 46;
	objects = {

/* Begin PBXBuildFile section */
		43C49D8F18BD7DD300234CF2 /* Foundation.framework in Frameworks */ = {isa = PBXBuildFile; fileRef = 43C49D8E18BD7DD300234CF2 /* Foundation.framework */; };
		43C49D9118BD7DD300234CF2 /* CoreGraphics.framework in Frameworks */ = {isa = PBXBuildFile; fileRef = 43C49D9018BD7DD300234CF2 /* CoreGraphics.framework */; };
		43C49D9318BD7DD300234CF2 /* UIKit.framework in Frameworks */ = {isa = PBXBuildFile; fileRef = 43C49D9218BD7DD300234CF2 /* UIKit.framework */; };
		43C49D9918BD7DD300234CF2 /* InfoPlist.strings in Resources */ = {isa = PBXBuildFile; fileRef = 43C49D9718BD7DD300234CF2 /* InfoPlist.strings */; };
		43C49D9B18BD7DD300234CF2 /* main.m in Sources */ = {isa = PBXBuildFile; fileRef = 43C49D9A18BD7DD300234CF2 /* main.m */; };
		43C49D9F18BD7DD300234CF2 /* LZAppDelegate.m in Sources */ = {isa = PBXBuildFile; fileRef = 43C49D9E18BD7DD300234CF2 /* LZAppDelegate.m */; };
		43C49DA118BD7DD300234CF2 /* Images.xcassets in Resources */ = {isa = PBXBuildFile; fileRef = 43C49DA018BD7DD300234CF2 /* Images.xcassets */; };
		43C49DA818BD7DD300234CF2 /* XCTest.framework in Frameworks */ = {isa = PBXBuildFile; fileRef = 43C49DA718BD7DD300234CF2 /* XCTest.framework */; };
		43C49DA918BD7DD300234CF2 /* Foundation.framework in Frameworks */ = {isa = PBXBuildFile; fileRef = 43C49D8E18BD7DD300234CF2 /* Foundation.framework */; };
		43C49DAA18BD7DD300234CF2 /* UIKit.framework in Frameworks */ = {isa = PBXBuildFile; fileRef = 43C49D9218BD7DD300234CF2 /* UIKit.framework */; };
		43C49DB218BD7DD300234CF2 /* InfoPlist.strings in Resources */ = {isa = PBXBuildFile; fileRef = 43C49DB018BD7DD300234CF2 /* InfoPlist.strings */; };
		43C49DB418BD7DD300234CF2 /* ZengLab4_CodeTests.m in Sources */ = {isa = PBXBuildFile; fileRef = 43C49DB318BD7DD300234CF2 /* ZengLab4_CodeTests.m */; };
		43C49DBF18BD7E5000234CF2 /* LZTabViewController.m in Sources */ = {isa = PBXBuildFile; fileRef = 43C49DBE18BD7E5000234CF2 /* LZTabViewController.m */; };
		43C49E0218BDAC4000234CF2 /* LZNormalViewController.m in Sources */ = {isa = PBXBuildFile; fileRef = 43C49E0118BDAC4000234CF2 /* LZNormalViewController.m */; };
		43C49E0518BDAC7500234CF2 /* LZTableViewController.m in Sources */ = {isa = PBXBuildFile; fileRef = 43C49E0418BDAC7500234CF2 /* LZTableViewController.m */; };
		43C49E0818BDACBB00234CF2 /* LZNavViewController.m in Sources */ = {isa = PBXBuildFile; fileRef = 43C49E0718BDACBB00234CF2 /* LZNavViewController.m */; };
		43C49E0B18BDACE900234CF2 /* LZFirstViewController.m in Sources */ = {isa = PBXBuildFile; fileRef = 43C49E0A18BDACE900234CF2 /* LZFirstViewController.m */; };
		43C49E0E18BDAD0900234CF2 /* LZSecondViewController.m in Sources */ = {isa = PBXBuildFile; fileRef = 43C49E0D18BDAD0900234CF2 /* LZSecondViewController.m */; };
/* End PBXBuildFile section */

/* Begin PBXContainerItemProxy section */
		43C49DAB18BD7DD300234CF2 /* PBXContainerItemProxy */ = {
			isa = PBXContainerItemProxy;
			containerPortal = 43C49D8318BD7DD300234CF2 /* Project object */;
			proxyType = 1;
			remoteGlobalIDString = 43C49D8A18BD7DD300234CF2;
			remoteInfo = ZengLab4_Code;
		};
/* End PBXContainerItemProxy section */

/* Begin PBXFileReference section */
		43C49D8B18BD7DD300234CF2 /* ZengLab4_Code.app */ = {isa = PBXFileReference; explicitFileType = wrapper.application; includeInIndex = 0; path = ZengLab4_Code.app; sourceTree = BUILT_PRODUCTS_DIR; };
		43C49D8E18BD7DD300234CF2 /* Foundation.framework */ = {isa = PBXFileReference; lastKnownFileType = wrapper.framework; name = Foundation.framework; path = System/Library/Frameworks/Foundation.framework; sourceTree = SDKROOT; };
		43C49D9018BD7DD300234CF2 /* CoreGraphics.framework */ = {isa = PBXFileReference; lastKnownFileType = wrapper.framework; name = CoreGraphics.framework; path = System/Library/Frameworks/CoreGraphics.framework; sourceTree = SDKROOT; };
		43C49D9218BD7DD300234CF2 /* UIKit.framework */ = {isa = PBXFileReference; lastKnownFileType = wrapper.framework; name = UIKit.framework; path = System/Library/Frameworks/UIKit.framework; sourceTree = SDKROOT; };
		43C49D9618BD7DD300234CF2 /* ZengLab4_Code-Info.plist */ = {isa = PBXFileReference; lastKnownFileType = text.plist.xml; path = "ZengLab4_Code-Info.plist"; sourceTree = "<group>"; };
		43C49D9818BD7DD300234CF2 /* en */ = {isa = PBXFileReference; lastKnownFileType = text.plist.strings; name = en; path = en.lproj/InfoPlist.strings; sourceTree = "<group>"; };
		43C49D9A18BD7DD300234CF2 /* main.m */ = {isa = PBXFileReference; lastKnownFileType = sourcecode.c.objc; path = main.m; sourceTree = "<group>"; };
		43C49D9C18BD7DD300234CF2 /* ZengLab4_Code-Prefix.pch */ = {isa = PBXFileReference; lastKnownFileType = sourcecode.c.h; path = "ZengLab4_Code-Prefix.pch"; sourceTree = "<group>"; };
		43C49D9D18BD7DD300234CF2 /* LZAppDelegate.h */ = {isa = PBXFileReference; lastKnownFileType = sourcecode.c.h; path = LZAppDelegate.h; sourceTree = "<group>"; };
		43C49D9E18BD7DD300234CF2 /* LZAppDelegate.m */ = {isa = PBXFileReference; lastKnownFileType = sourcecode.c.objc; path = LZAppDelegate.m; sourceTree = "<group>"; };
		43C49DA018BD7DD300234CF2 /* Images.xcassets */ = {isa = PBXFileReference; lastKnownFileType = folder.assetcatalog; name = Images.xcassets; path = ZengLab4_Code/Images.xcassets; sourceTree = "<group>"; };
		43C49DA618BD7DD300234CF2 /* ZengLab4_CodeTests.xctest */ = {isa = PBXFileReference; explicitFileType = wrapper.cfbundle; includeInIndex = 0; path = ZengLab4_CodeTests.xctest; sourceTree = BUILT_PRODUCTS_DIR; };
		43C49DA718BD7DD300234CF2 /* XCTest.framework */ = {isa = PBXFileReference; lastKnownFileType = wrapper.framework; name = XCTest.framework; path = Library/Frameworks/XCTest.framework; sourceTree = DEVELOPER_DIR; };
		43C49DAF18BD7DD300234CF2 /* ZengLab4_CodeTests-Info.plist */ = {isa = PBXFileReference; lastKnownFileType = text.plist.xml; path = "ZengLab4_CodeTests-Info.plist"; sourceTree = "<group>"; };
		43C49DB118BD7DD300234CF2 /* en */ = {isa = PBXFileReference; lastKnownFileType = text.plist.strings; name = en; path = en.lproj/InfoPlist.strings; sourceTree = "<group>"; };
		43C49DB318BD7DD300234CF2 /* ZengLab4_CodeTests.m */ = {isa = PBXFileReference; lastKnownFileType = sourcecode.c.objc; path = ZengLab4_CodeTests.m; sourceTree = "<group>"; };
		43C49DBD18BD7E5000234CF2 /* LZTabViewController.h */ = {isa = PBXFileReference; fileEncoding = 4; lastKnownFileType = sourcecode.c.h; path = LZTabViewController.h; sourceTree = "<group>"; };
		43C49DBE18BD7E5000234CF2 /* LZTabViewController.m */ = {isa = PBXFileReference; fileEncoding = 4; lastKnownFileType = sourcecode.c.objc; path = LZTabViewController.m; sourceTree = "<group>"; };
		43C49E0018BDAC4000234CF2 /* LZNormalViewController.h */ = {isa = PBXFileReference; fileEncoding = 4; lastKnownFileType = sourcecode.c.h; path = LZNormalViewController.h; sourceTree = "<group>"; };
		43C49E0118BDAC4000234CF2 /* LZNormalViewController.m */ = {isa = PBXFileReference; fileEncoding = 4; lastKnownFileType = sourcecode.c.objc; path = LZNormalViewController.m; sourceTree = "<group>"; };
		43C49E0318BDAC7500234CF2 /* LZTableViewController.h */ = {isa = PBXFileReference; fileEncoding = 4; lastKnownFileType = sourcecode.c.h; path = LZTableViewController.h; sourceTree = "<group>"; };
		43C49E0418BDAC7500234CF2 /* LZTableViewController.m */ = {isa = PBXFileReference; fileEncoding = 4; lastKnownFileType = sourcecode.c.objc; path = LZTableViewController.m; sourceTree = "<group>"; };
		43C49E0618BDACBB00234CF2 /* LZNavViewController.h */ = {isa = PBXFileReference; fileEncoding = 4; lastKnownFileType = sourcecode.c.h; path = LZNavViewController.h; sourceTree = "<group>"; };
		43C49E0718BDACBB00234CF2 /* LZNavViewController.m */ = {isa = PBXFileReference; fileEncoding = 4; lastKnownFileType = sourcecode.c.objc; path = LZNavViewController.m; sourceTree = "<group>"; };
		43C49E0918BDACE900234CF2 /* LZFirstViewController.h */ = {isa = PBXFileReference; fileEncoding = 4; lastKnownFileType = sourcecode.c.h; path = LZFirstViewController.h; sourceTree = "<group>"; };
		43C49E0A18BDACE900234CF2 /* LZFirstViewController.m */ = {isa = PBXFileReference; fileEncoding = 4; lastKnownFileType = sourcecode.c.objc; path = LZFirstViewController.m; sourceTree = "<group>"; };
		43C49E0C18BDAD0900234CF2 /* LZSecondViewController.h */ = {isa = PBXFileReference; fileEncoding = 4; lastKnownFileType = sourcecode.c.h; path = LZSecondViewController.h; sourceTree = "<group>"; };
		43C49E0D18BDAD0900234CF2 /* LZSecondViewController.m */ = {isa = PBXFileReference; fileEncoding = 4; lastKnownFileType = sourcecode.c.objc; path = LZSecondViewController.m; sourceTree = "<group>"; };
/* End PBXFileReference section */

/* Begin PBXFrameworksBuildPhase section */
		43C49D8818BD7DD300234CF2 /* Frameworks */ = {
			isa = PBXFrameworksBuildPhase;
			buildActionMask = 2147483647;
			files = (
				43C49D9118BD7DD300234CF2 /* CoreGraphics.framework in Frameworks */,
				43C49D9318BD7DD300234CF2 /* UIKit.framework in Frameworks */,
				43C49D8F18BD7DD300234CF2 /* Foundation.framework in Frameworks */,
			);
			runOnlyForDeploymentPostprocessing = 0;
		};
		43C49DA318BD7DD300234CF2 /* Frameworks */ = {
			isa = PBXFrameworksBuildPhase;
			buildActionMask = 2147483647;
			files = (
				43C49DA818BD7DD300234CF2 /* XCTest.framework in Frameworks */,
				43C49DAA18BD7DD300234CF2 /* UIKit.framework in Frameworks */,
				43C49DA918BD7DD300234CF2 /* Foundation.framework in Frameworks */,
			);
			runOnlyForDeploymentPostprocessing = 0;
		};
/* End PBXFrameworksBuildPhase section */

/* Begin PBXGroup section */
		43C49D8218BD7DD300234CF2 = {
			isa = PBXGroup;
			children = (
				43C49D9418BD7DD300234CF2 /* ZengLab4_Code */,
				43C49D9518BD7DD300234CF2 /* Supporting Files */,
				43C49DAD18BD7DD300234CF2 /* ZengLab4_CodeTests */,
				43C49D8D18BD7DD300234CF2 /* Frameworks */,
				43C49D8C18BD7DD300234CF2 /* Products */,
				43C49DA018BD7DD300234CF2 /* Images.xcassets */,
			);
			sourceTree = "<group>";
		};
		43C49D8C18BD7DD300234CF2 /* Products */ = {
			isa = PBXGroup;
			children = (
				43C49D8B18BD7DD300234CF2 /* ZengLab4_Code.app */,
				43C49DA618BD7DD300234CF2 /* ZengLab4_CodeTests.xctest */,
			);
			name = Products;
			sourceTree = "<group>";
		};
		43C49D8D18BD7DD300234CF2 /* Frameworks */ = {
			isa = PBXGroup;
			children = (
				43C49D8E18BD7DD300234CF2 /* Foundation.framework */,
				43C49D9018BD7DD300234CF2 /* CoreGraphics.framework */,
				43C49D9218BD7DD300234CF2 /* UIKit.framework */,
				43C49DA718BD7DD300234CF2 /* XCTest.framework */,
			);
			name = Frameworks;
			sourceTree = "<group>";
		};
		43C49D9418BD7DD300234CF2 /* ZengLab4_Code */ = {
			isa = PBXGroup;
			children = (
				43C49D9D18BD7DD300234CF2 /* LZAppDelegate.h */,
				43C49D9E18BD7DD300234CF2 /* LZAppDelegate.m */,
				43C49DBD18BD7E5000234CF2 /* LZTabViewController.h */,
				43C49DBE18BD7E5000234CF2 /* LZTabViewController.m */,
				43C49E0018BDAC4000234CF2 /* LZNormalViewController.h */,
				43C49E0118BDAC4000234CF2 /* LZNormalViewController.m */,
				43C49E0318BDAC7500234CF2 /* LZTableViewController.h */,
				43C49E0418BDAC7500234CF2 /* LZTableViewController.m */,
				43C49E0918BDACE900234CF2 /* LZFirstViewController.h */,
				43C49E0A18BDACE900234CF2 /* LZFirstViewController.m */,
				43C49E0618BDACBB00234CF2 /* LZNavViewController.h */,
				43C49E0718BDACBB00234CF2 /* LZNavViewController.m */,
				43C49E0C18BDAD0900234CF2 /* LZSecondViewController.h */,
				43C49E0D18BDAD0900234CF2 /* LZSecondViewController.m */,
			);
			path = ZengLab4_Code;
			sourceTree = "<group>";
		};
		43C49D9518BD7DD300234CF2 /* Supporting Files */ = {
			isa = PBXGroup;
			children = (
				43C49D9618BD7DD300234CF2 /* ZengLab4_Code-Info.plist */,
				43C49D9718BD7DD300234CF2 /* InfoPlist.strings */,
				43C49D9A18BD7DD300234CF2 /* main.m */,
				43C49D9C18BD7DD300234CF2 /* ZengLab4_Code-Prefix.pch */,
			);
			name = "Supporting Files";
			path = ZengLab4_Code;
			sourceTree = "<group>";
		};
		43C49DAD18BD7DD300234CF2 /* ZengLab4_CodeTests */ = {
			isa = PBXGroup;
			children = (
				43C49DB318BD7DD300234CF2 /* ZengLab4_CodeTests.m */,
				43C49DAE18BD7DD300234CF2 /* Supporting Files */,
			);
			path = ZengLab4_CodeTests;
			sourceTree = "<group>";
		};
		43C49DAE18BD7DD300234CF2 /* Supporting Files */ = {
			isa = PBXGroup;
			children = (
				43C49DAF18BD7DD300234CF2 /* ZengLab4_CodeTests-Info.plist */,
				43C49DB018BD7DD300234CF2 /* InfoPlist.strings */,
			);
			name = "Supporting Files";
			sourceTree = "<group>";
		};
/* End PBXGroup section */

/* Begin PBXNativeTarget section */
		43C49D8A18BD7DD300234CF2 /* ZengLab4_Code */ = {
			isa = PBXNativeTarget;
			buildConfigurationList = 43C49DB718BD7DD300234CF2 /* Build configuration list for PBXNativeTarget "ZengLab4_Code" */;
			buildPhases = (
				43C49D8718BD7DD300234CF2 /* Sources */,
				43C49D8818BD7DD300234CF2 /* Frameworks */,
				43C49D8918BD7DD300234CF2 /* Resources */,
			);
			buildRules = (
			);
			dependencies = (
			);
			name = ZengLab4_Code;
			productName = ZengLab4_Code;
			productReference = 43C49D8B18BD7DD300234CF2 /* ZengLab4_Code.app */;
			productType = "com.apple.product-type.application";
		};
		43C49DA518BD7DD300234CF2 /* ZengLab4_CodeTests */ = {
			isa = PBXNativeTarget;
			buildConfigurationList = 43C49DBA18BD7DD300234CF2 /* Build configuration list for PBXNativeTarget "ZengLab4_CodeTests" */;
			buildPhases = (
				43C49DA218BD7DD300234CF2 /* Sources */,
				43C49DA318BD7DD300234CF2 /* Frameworks */,
				43C49DA418BD7DD300234CF2 /* Resources */,
			);
			buildRules = (
			);
			dependencies = (
				43C49DAC18BD7DD300234CF2 /* PBXTargetDependency */,
			);
			name = ZengLab4_CodeTests;
			productName = ZengLab4_CodeTests;
			productReference = 43C49DA618BD7DD300234CF2 /* ZengLab4_CodeTests.xctest */;
			productType = "com.apple.product-type.bundle.unit-test";
		};
/* End PBXNativeTarget section */

/* Begin PBXProject section */
		43C49D8318BD7DD300234CF2 /* Project object */ = {
			isa = PBXProject;
			attributes = {
				CLASSPREFIX = LZ;
				LastUpgradeCheck = 0500;
				ORGANIZATIONNAME = LX;
				TargetAttributes = {
					43C49DA518BD7DD300234CF2 = {
						TestTargetID = 43C49D8A18BD7DD300234CF2;
					};
				};
			};
			buildConfigurationList = 43C49D8618BD7DD300234CF2 /* Build configuration list for PBXProject "ZengLab4_Code" */;
			compatibilityVersion = "Xcode 3.2";
			developmentRegion = English;
			hasScannedForEncodings = 0;
			knownRegions = (
				en,
			);
			mainGroup = 43C49D8218BD7DD300234CF2;
			productRefGroup = 43C49D8C18BD7DD300234CF2 /* Products */;
			projectDirPath = "";
			projectRoot = "";
			targets = (
				43C49D8A18BD7DD300234CF2 /* ZengLab4_Code */,
				43C49DA518BD7DD300234CF2 /* ZengLab4_CodeTests */,
			);
		};
/* End PBXProject section */

/* Begin PBXResourcesBuildPhase section */
		43C49D8918BD7DD300234CF2 /* Resources */ = {
			isa = PBXResourcesBuildPhase;
			buildActionMask = 2147483647;
			files = (
				43C49D9918BD7DD300234CF2 /* InfoPlist.strings in Resources */,
				43C49DA118BD7DD300234CF2 /* Images.xcassets in Resources */,
			);
			runOnlyForDeploymentPostprocessing = 0;
		};
		43C49DA418BD7DD300234CF2 /* Resources */ = {
			isa = PBXResourcesBuildPhase;
			buildActionMask = 2147483647;
			files = (
				43C49DB218BD7DD300234CF2 /* InfoPlist.strings in Resources */,
			);
			runOnlyForDeploymentPostprocessing = 0;
		};
/* End PBXResourcesBuildPhase section */

/* Begin PBXSourcesBuildPhase section */
		43C49D8718BD7DD300234CF2 /* Sources */ = {
			isa = PBXSourcesBuildPhase;
			buildActionMask = 2147483647;
			files = (
				43C49E0818BDACBB00234CF2 /* LZNavViewController.m in Sources */,
				43C49D9F18BD7DD300234CF2 /* LZAppDelegate.m in Sources */,
				43C49E0518BDAC7500234CF2 /* LZTableViewController.m in Sources */,
				43C49E0218BDAC4000234CF2 /* LZNormalViewController.m in Sources */,
				43C49E0E18BDAD0900234CF2 /* LZSecondViewController.m in Sources */,
				43C49E0B18BDACE900234CF2 /* LZFirstViewController.m in Sources */,
				43C49DBF18BD7E5000234CF2 /* LZTabViewController.m in Sources */,
				43C49D9B18BD7DD300234CF2 /* main.m in Sources */,
			);
			runOnlyForDeploymentPostprocessing = 0;
		};
		43C49DA218BD7DD300234CF2 /* Sources */ = {
			isa = PBXSourcesBuildPhase;
			buildActionMask = 2147483647;
			files = (
				43C49DB418BD7DD300234CF2 /* ZengLab4_CodeTests.m in Sources */,
			);
			runOnlyForDeploymentPostprocessing = 0;
		};
/* End PBXSourcesBuildPhase section */

/* Begin PBXTargetDependency section */
		43C49DAC18BD7DD300234CF2 /* PBXTargetDependency */ = {
			isa = PBXTargetDependency;
			target = 43C49D8A18BD7DD300234CF2 /* ZengLab4_Code */;
			targetProxy = 43C49DAB18BD7DD300234CF2 /* PBXContainerItemProxy */;
		};
/* End PBXTargetDependency section */

/* Begin PBXVariantGroup section */
		43C49D9718BD7DD300234CF2 /* InfoPlist.strings */ = {
			isa = PBXVariantGroup;
			children = (
				43C49D9818BD7DD300234CF2 /* en */,
			);
			name = InfoPlist.strings;
			sourceTree = "<group>";
		};
		43C49DB018BD7DD300234CF2 /* InfoPlist.strings */ = {
			isa = PBXVariantGroup;
			children = (
				43C49DB118BD7DD300234CF2 /* en */,
			);
			name = InfoPlist.strings;
			sourceTree = "<group>";
		};
/* End PBXVariantGroup section */

/* Begin XCBuildConfiguration section */
		43C49DB518BD7DD300234CF2 /* Debug */ = {
			isa = XCBuildConfiguration;
			buildSettings = {
				ALWAYS_SEARCH_USER_PATHS = NO;
				ARCHS = "$(ARCHS_STANDARD_INCLUDING_64_BIT)";
				CLANG_CXX_LANGUAGE_STANDARD = "gnu++0x";
				CLANG_CXX_LIBRARY = "libc++";
				CLANG_ENABLE_MODULES = YES;
				CLANG_ENABLE_OBJC_ARC = YES;
				CLANG_WARN_BOOL_CONVERSION = YES;
				CLANG_WARN_CONSTANT_CONVERSION = YES;
				CLANG_WARN_DIRECT_OBJC_ISA_USAGE = YES_ERROR;
				CLANG_WARN_EMPTY_BODY = YES;
				CLANG_WARN_ENUM_CONVERSION = YES;
				CLANG_WARN_INT_CONVERSION = YES;
				CLANG_WARN_OBJC_ROOT_CLASS = YES_ERROR;
				CLANG_WARN__DUPLICATE_METHOD_MATCH = YES;
				"CODE_SIGN_IDENTITY[sdk=iphoneos*]" = "iPhone Developer";
				COPY_PHASE_STRIP = NO;
				GCC_C_LANGUAGE_STANDARD = gnu99;
				GCC_DYNAMIC_NO_PIC = NO;
				GCC_OPTIMIZATION_LEVEL = 0;
				GCC_PREPROCESSOR_DEFINITIONS = (
					"DEBUG=1",
					"$(inherited)",
				);
				GCC_SYMBOLS_PRIVATE_EXTERN = NO;
				GCC_WARN_64_TO_32_BIT_CONVERSION = YES;
				GCC_WARN_ABOUT_RETURN_TYPE = YES_ERROR;
				GCC_WARN_UNDECLARED_SELECTOR = YES;
				GCC_WARN_UNINITIALIZED_AUTOS = YES;
				GCC_WARN_UNUSED_FUNCTION = YES;
				GCC_WARN_UNUSED_VARIABLE = YES;
				IPHONEOS_DEPLOYMENT_TARGET = 7.0;
				ONLY_ACTIVE_ARCH = YES;
				SDKROOT = iphoneos;
			};
			name = Debug;
		};
		43C49DB618BD7DD300234CF2 /* Release */ = {
			isa = XCBuildConfiguration;
			buildSettings = {
				ALWAYS_SEARCH_USER_PATHS = NO;
				ARCHS = "$(ARCHS_STANDARD_INCLUDING_64_BIT)";
				CLANG_CXX_LANGUAGE_STANDARD = "gnu++0x";
				CLANG_CXX_LIBRARY = "libc++";
				CLANG_ENABLE_MODULES = YES;
				CLANG_ENABLE_OBJC_ARC = YES;
				CLANG_WARN_BOOL_CONVERSION = YES;
				CLANG_WARN_CONSTANT_CONVERSION = YES;
				CLANG_WARN_DIRECT_OBJC_ISA_USAGE = YES_ERROR;
				CLANG_WARN_EMPTY_BODY = YES;
				CLANG_WARN_ENUM_CONVERSION = YES;
				CLANG_WARN_INT_CONVERSION = YES;
				CLANG_WARN_OBJC_ROOT_CLASS = YES_ERROR;
				CLANG_WARN__DUPLICATE_METHOD_MATCH = YES;
				"CODE_SIGN_IDENTITY[sdk=iphoneos*]" = "iPhone Developer";
				COPY_PHASE_STRIP = YES;
				ENABLE_NS_ASSERTIONS = NO;
				GCC_C_LANGUAGE_STANDARD = gnu99;
				GCC_WARN_64_TO_32_BIT_CONVERSION = YES;
				GCC_WARN_ABOUT_RETURN_TYPE = YES_ERROR;
				GCC_WARN_UNDECLARED_SELECTOR = YES;
				GCC_WARN_UNINITIALIZED_AUTOS = YES;
				GCC_WARN_UNUSED_FUNCTION = YES;
				GCC_WARN_UNUSED_VARIABLE = YES;
				IPHONEOS_DEPLOYMENT_TARGET = 7.0;
				SDKROOT = iphoneos;
				VALIDATE_PRODUCT = YES;
			};
			name = Release;
		};
		43C49DB818BD7DD300234CF2 /* Debug */ = {
			isa = XCBuildConfiguration;
			buildSettings = {
				ASSETCATALOG_COMPILER_APPICON_NAME = AppIcon;
				ASSETCATALOG_COMPILER_LAUNCHIMAGE_NAME = LaunchImage;
				GCC_PRECOMPILE_PREFIX_HEADER = YES;
				GCC_PREFIX_HEADER = "ZengLab4_Code/ZengLab4_Code-Prefix.pch";
				INFOPLIST_FILE = "ZengLab4_Code/ZengLab4_Code-Info.plist";
				PRODUCT_NAME = "$(TARGET_NAME)";
				WRAPPER_EXTENSION = app;
			};
			name = Debug;
		};
		43C49DB918BD7DD300234CF2 /* Release */ = {
			isa = XCBuildConfiguration;
			buildSettings = {
				ASSETCATALOG_COMPILER_APPICON_NAME = AppIcon;
				ASSETCATALOG_COMPILER_LAUNCHIMAGE_NAME = LaunchImage;
				GCC_PRECOMPILE_PREFIX_HEADER = YES;
				GCC_PREFIX_HEADER = "ZengLab4_Code/ZengLab4_Code-Prefix.pch";
				INFOPLIST_FILE = "ZengLab4_Code/ZengLab4_Code-Info.plist";
				PRODUCT_NAME = "$(TARGET_NAME)";
				WRAPPER_EXTENSION = app;
			};
			name = Release;
		};
		43C49DBB18BD7DD300234CF2 /* Debug */ = {
			isa = XCBuildConfiguration;
			buildSettings = {
				ARCHS = "$(ARCHS_STANDARD_INCLUDING_64_BIT)";
				BUNDLE_LOADER = "$(BUILT_PRODUCTS_DIR)/ZengLab4_Code.app/ZengLab4_Code";
				FRAMEWORK_SEARCH_PATHS = (
					"$(SDKROOT)/Developer/Library/Frameworks",
					"$(inherited)",
					"$(DEVELOPER_FRAMEWORKS_DIR)",
				);
				GCC_PRECOMPILE_PREFIX_HEADER = YES;
				GCC_PREFIX_HEADER = "ZengLab4_Code/ZengLab4_Code-Prefix.pch";
				GCC_PREPROCESSOR_DEFINITIONS = (
					"DEBUG=1",
					"$(inherited)",
				);
				INFOPLIST_FILE = "ZengLab4_CodeTests/ZengLab4_CodeTests-Info.plist";
				PRODUCT_NAME = "$(TARGET_NAME)";
				TEST_HOST = "$(BUNDLE_LOADER)";
				WRAPPER_EXTENSION = xctest;
			};
			name = Debug;
		};
		43C49DBC18BD7DD300234CF2 /* Release */ = {
			isa = XCBuildConfiguration;
			buildSettings = {
				ARCHS = "$(ARCHS_STANDARD_INCLUDING_64_BIT)";
				BUNDLE_LOADER = "$(BUILT_PRODUCTS_DIR)/ZengLab4_Code.app/ZengLab4_Code";
				FRAMEWORK_SEARCH_PATHS = (
					"$(SDKROOT)/Developer/Library/Frameworks",
					"$(inherited)",
					"$(DEVELOPER_FRAMEWORKS_DIR)",
				);
				GCC_PRECOMPILE_PREFIX_HEADER = YES;
				GCC_PREFIX_HEADER = "ZengLab4_Code/ZengLab4_Code-Prefix.pch";
				INFOPLIST_FILE = "ZengLab4_CodeTests/ZengLab4_CodeTests-Info.plist";
				PRODUCT_NAME = "$(TARGET_NAME)";
				TEST_HOST = "$(BUNDLE_LOADER)";
				WRAPPER_EXTENSION = xctest;
			};
			name = Release;
		};
/* End XCBuildConfiguration section */

/* Begin XCConfigurationList section */
		43C49D8618BD7DD300234CF2 /* Build configuration list for PBXProject "ZengLab4_Code" */ = {
			isa = XCConfigurationList;
			buildConfigurations = (
				43C49DB518BD7DD300234CF2 /* Debug */,
				43C49DB618BD7DD300234CF2 /* Release */,
			);
			defaultConfigurationIsVisible = 0;
			defaultConfigurationName = Release;
		};
		43C49DB718BD7DD300234CF2 /* Build configuration list for PBXNativeTarget "ZengLab4_Code" */ = {
			isa = XCConfigurationList;
			buildConfigurations = (
				43C49DB818BD7DD300234CF2 /* Debug */,
				43C49DB918BD7DD300234CF2 /* Release */,
			);
			defaultConfigurationIsVisible = 0;
		};
		43C49DBA18BD7DD300234CF2 /* Build configuration list for PBXNativeTarget "ZengLab4_CodeTests" */ = {
			isa = XCConfigurationList;
			buildConfigurations = (
				43C49DBB18BD7DD300234CF2 /* Debug */,
				43C49DBC18BD7DD300234CF2 /* Release */,
			);
			defaultConfigurationIsVisible = 0;
		};
/* End XCConfigurationList section */
	};
	rootObject = 43C49D8318BD7DD300234CF2 /* Project object */;
}
